{
  "name": "solid-dev-tools",
  "lockfileVersion": 2,
  "requires": true,
  "packages": {
    "": {
      "dependencies": {
        "@hope-ui/solid": "^0.6.7",
        "@stitches/core": "^1.2.8",
        "solid-transition-group": "^0.0.10"
      }
    },
    "node_modules/@floating-ui/core": {
      "version": "0.6.2",
      "resolved": "https://registry.npmjs.org/@floating-ui/core/-/core-0.6.2.tgz",
      "integrity": "sha512-jktYRmZwmau63adUG3GKOAVCofBXkk55S/zQ94XOorAHhwqFIOFAy1rSp2N0Wp6/tGbe9V3u/ExlGZypyY17rg=="
    },
    "node_modules/@floating-ui/dom": {
      "version": "0.4.4",
      "resolved": "https://registry.npmjs.org/@floating-ui/dom/-/dom-0.4.4.tgz",
      "integrity": "sha512-0Ulu3B/dqQplUUSqnTx0foSrlYuMN+GTtlJWvNJwt6Fr7/PqmlR/Y08o6/+bxDWr6p3roBJRaQ51MDZsNmEhhw==",
      "dependencies": {
        "@floating-ui/core": "^0.6.1"
      }
    },
    "node_modules/@hope-ui/solid": {
      "version": "0.6.7",
      "resolved": "https://registry.npmjs.org/@hope-ui/solid/-/solid-0.6.7.tgz",
      "integrity": "sha512-7zGGy4QbGUC7QhwRnNH8HO0MZFg4jFISlC2cnAMBfFBy272uqQN3PYdTjiIbnpR/4JilUfxCWpFQY+4qslqcIw==",
      "dependencies": {
        "@floating-ui/dom": "0.4.4",
        "csstype": "3.0.11",
        "focus-trap": "6.7.3",
        "lodash.merge": "4.6.2",
        "scroll-lock": "2.1.5"
      },
      "peerDependencies": {
        "@stitches/core": "^1.2.8",
        "solid-js": "^1.4.0",
        "solid-transition-group": "^0.0.10"
      }
    },
    "node_modules/@stitches/core": {
      "version": "1.2.8",
      "resolved": "https://registry.npmjs.org/@stitches/core/-/core-1.2.8.tgz",
      "integrity": "sha512-Gfkvwk9o9kE9r9XNBmJRfV8zONvXThnm1tcuojL04Uy5uRyqg93DC83lDebl0rocZCfKSjUv+fWYtMQmEDJldg=="
    },
    "node_modules/csstype": {
      "version": "3.0.11",
      "resolved": "https://registry.npmjs.org/csstype/-/csstype-3.0.11.tgz",
      "integrity": "sha512-sa6P2wJ+CAbgyy4KFssIb/JNMLxFvKF1pCYCSXS8ZMuqZnMsrxqI2E5sPyoTpxoPU/gVZMzr2zjOfg8GIZOMsw=="
    },
    "node_modules/focus-trap": {
      "version": "6.7.3",
      "resolved": "https://registry.npmjs.org/focus-trap/-/focus-trap-6.7.3.tgz",
      "integrity": "sha512-8xCEKndV4KrseGhFKKKmczVA14yx1/hnmFICPOjcFjToxCJYj/NHH43tPc3YE/PLnLRNZoFug0EcWkGQde/miQ==",
      "dependencies": {
        "tabbable": "^5.2.1"
      }
    },
    "node_modules/lodash.merge": {
      "version": "4.6.2",
      "resolved": "https://registry.npmjs.org/lodash.merge/-/lodash.merge-4.6.2.tgz",
      "integrity": "sha512-0KpjqXRVvrYyCsX1swR/XTK0va6VQkQM6MNo7PqW77ByjAhoARA8EfrP1N4+KlKj8YS0ZUCtRT/YUuhyYDujIQ=="
    },
    "node_modules/scroll-lock": {
      "version": "2.1.5",
      "resolved": "https://registry.npmjs.org/scroll-lock/-/scroll-lock-2.1.5.tgz",
      "integrity": "sha512-GN8Lp0AzXbkrPFUUNkMUruiiv019UvarNKE/SnXi+AxZRjMnDc2R22VB9RcUtL4P/uub04cKibmpHKIKTyWwYQ=="
    },
    "node_modules/solid-js": {
      "version": "1.4.8",
      "resolved": "https://registry.npmjs.org/solid-js/-/solid-js-1.4.8.tgz",
      "integrity": "sha512-XErZdnnYYXF7OwGSUAPcua2y5/ELB/c53zFCpWiEGqxTNoH1iQghzI8EsHJXk06sNn+Z/TGhb8bPDNNGSgimag==",
      "peer": true
    },
    "node_modules/solid-transition-group": {
      "version": "0.0.10",
      "resolved": "https://registry.npmjs.org/solid-transition-group/-/solid-transition-group-0.0.10.tgz",
      "integrity": "sha512-b3O9z6BUP60CG1WnTdqFuvHms0reDNYwQF+eAEEaSaoDEmiOu9+Lu7zQgWGySJjaAdSAClhmFCmx/eAjQgfIoA==",
      "peerDependencies": {
        "solid-js": "^1.0.0"
      }
    },
    "node_modules/tabbable": {
      "version": "5.3.3",
      "resolved": "https://registry.npmjs.org/tabbable/-/tabbable-5.3.3.tgz",
      "integrity": "sha512-QD9qKY3StfbZqWOPLp0++pOrAVb/HbUi5xCc8cUo4XjP19808oaMiDzn0leBY5mCespIBM0CIZePzZjgzR83kA=="
    }
  },
  "dependencies": {
    "@floating-ui/core": {
      "version": "0.6.2",
      "resolved": "https://registry.npmjs.org/@floating-ui/core/-/core-0.6.2.tgz",
      "integrity": "sha512-jktYRmZwmau63adUG3GKOAVCofBXkk55S/zQ94XOorAHhwqFIOFAy1rSp2N0Wp6/tGbe9V3u/ExlGZypyY17rg=="
    },
    "@floating-ui/dom": {
      "version": "0.4.4",
      "resolved": "https://registry.npmjs.org/@floating-ui/dom/-/dom-0.4.4.tgz",
      "integrity": "sha512-0Ulu3B/dqQplUUSqnTx0foSrlYuMN+GTtlJWvNJwt6Fr7/PqmlR/Y08o6/+bxDWr6p3roBJRaQ51MDZsNmEhhw==",
      "requires": {
        "@floating-ui/core": "^0.6.1"
      }
    },
    "@hope-ui/solid": {
      "version": "0.6.7",
      "resolved": "https://registry.npmjs.org/@hope-ui/solid/-/solid-0.6.7.tgz",
      "integrity": "sha512-7zGGy4QbGUC7QhwRnNH8HO0MZFg4jFISlC2cnAMBfFBy272uqQN3PYdTjiIbnpR/4JilUfxCWpFQY+4qslqcIw==",
      "requires": {
        "@floating-ui/dom": "0.4.4",
        "csstype": "3.0.11",
        "focus-trap": "6.7.3",
        "lodash.merge": "4.6.2",
        "scroll-lock": "2.1.5"
      }
    },
    "@stitches/core": {
      "version": "1.2.8",
      "resolved": "https://registry.npmjs.org/@stitches/core/-/core-1.2.8.tgz",
      "integrity": "sha512-Gfkvwk9o9kE9r9XNBmJRfV8zONvXThnm1tcuojL04Uy5uRyqg93DC83lDebl0rocZCfKSjUv+fWYtMQmEDJldg=="
    },
    "csstype": {
      "version": "3.0.11",
      "resolved": "https://registry.npmjs.org/csstype/-/csstype-3.0.11.tgz",
      "integrity": "sha512-sa6P2wJ+CAbgyy4KFssIb/JNMLxFvKF1pCYCSXS8ZMuqZnMsrxqI2E5sPyoTpxoPU/gVZMzr2zjOfg8GIZOMsw=="
    },
    "focus-trap": {
      "version": "6.7.3",
      "resolved": "https://registry.npmjs.org/focus-trap/-/focus-trap-6.7.3.tgz",
      "integrity": "sha512-8xCEKndV4KrseGhFKKKmczVA14yx1/hnmFICPOjcFjToxCJYj/NHH43tPc3YE/PLnLRNZoFug0EcWkGQde/miQ==",
      "requires": {
        "tabbable": "^5.2.1"
      }
    },
    "lodash.merge": {
      "version": "4.6.2",
      "resolved": "https://registry.npmjs.org/lodash.merge/-/lodash.merge-4.6.2.tgz",
      "integrity": "sha512-0KpjqXRVvrYyCsX1swR/XTK0va6VQkQM6MNo7PqW77ByjAhoARA8EfrP1N4+KlKj8YS0ZUCtRT/YUuhyYDujIQ=="
    },
    "scroll-lock": {
      "version": "2.1.5",
      "resolved": "https://registry.npmjs.org/scroll-lock/-/scroll-lock-2.1.5.tgz",
      "integrity": "sha512-GN8Lp0AzXbkrPFUUNkMUruiiv019UvarNKE/SnXi+AxZRjMnDc2R22VB9RcUtL4P/uub04cKibmpHKIKTyWwYQ=="
    },
    "solid-js": {
      "version": "1.4.8",
      "resolved": "https://registry.npmjs.org/solid-js/-/solid-js-1.4.8.tgz",
      "integrity": "sha512-XErZdnnYYXF7OwGSUAPcua2y5/ELB/c53zFCpWiEGqxTNoH1iQghzI8EsHJXk06sNn+Z/TGhb8bPDNNGSgimag==",
      "peer": true
    },
    "solid-transition-group": {
      "version": "0.0.10",
      "resolved": "https://registry.npmjs.org/solid-transition-group/-/solid-transition-group-0.0.10.tgz",
      "integrity": "sha512-b3O9z6BUP60CG1WnTdqFuvHms0reDNYwQF+eAEEaSaoDEmiOu9+Lu7zQgWGySJjaAdSAClhmFCmx/eAjQgfIoA==",
      "requires": {}
    },
    "tabbable": {
      "version": "5.3.3",
      "resolved": "https://registry.npmjs.org/tabbable/-/tabbable-5.3.3.tgz",
      "integrity": "sha512-QD9qKY3StfbZqWOPLp0++pOrAVb/HbUi5xCc8cUo4XjP19808oaMiDzn0leBY5mCespIBM0CIZePzZjgzR83kA=="
    }
  }
}
